// !$*UTF8*$!
{
	archiveVersion = 1;
	classes = {
	};
	objectVersion = 50;
	objects = {

/* Begin PBXBuildFile section */
		523EE089255B3DE700CA3721 /* J.wav in Resources */ = {isa = PBXBuildFile; fileRef = 523EE07D255B3DE700CA3721 /* J.wav */; };
		523EE08A255B3DE700CA3721 /* L.wav in Resources */ = {isa = PBXBuildFile; fileRef = 523EE07E255B3DE700CA3721 /* L.wav */; };
		523EE08B255B3DE700CA3721 /* A.wav in Resources */ = {isa = PBXBuildFile; fileRef = 523EE07F255B3DE700CA3721 /* A.wav */; };
		523EE08C255B3DE700CA3721 /* D.wav in Resources */ = {isa = PBXBuildFile; fileRef = 523EE080255B3DE700CA3721 /* D.wav */; };
		523EE08D255B3DE700CA3721 /* F.wav in Resources */ = {isa = PBXBuildFile; fileRef = 523EE081255B3DE700CA3721 /* F.wav */; };
		523EE08E255B3DE700CA3721 /* G.wav in Resources */ = {isa = PBXBuildFile; fileRef = 523EE082255B3DE700CA3721 /* G.wav */; };
		523EE08F255B3DE700CA3721 /* H.wav in Resources */ = {isa = PBXBuildFile; fileRef = 523EE083255B3DE700CA3721 /* H.wav */; };
		523EE090255B3DE700CA3721 /* C.wav in Resources */ = {isa = PBXBuildFile; fileRef = 523EE084255B3DE700CA3721 /* C.wav */; };
		523EE091255B3DE700CA3721 /* I.wav in Resources */ = {isa = PBXBuildFile; fileRef = 523EE085255B3DE700CA3721 /* I.wav */; };
		523EE092255B3DE700CA3721 /* E.wav in Resources */ = {isa = PBXBuildFile; fileRef = 523EE086255B3DE700CA3721 /* E.wav */; };
		523EE093255B3DE700CA3721 /* K.wav in Resources */ = {isa = PBXBuildFile; fileRef = 523EE087255B3DE700CA3721 /* K.wav */; };
		523EE094255B3DE700CA3721 /* B.wav in Resources */ = {isa = PBXBuildFile; fileRef = 523EE088255B3DE700CA3721 /* B.wav */; };
		52E12EC625561DAD008D367E /* AppDelegate.swift in Sources */ = {isa = PBXBuildFile; fileRef = 52E12EC525561DAD008D367E /* AppDelegate.swift */; };
		52E12EC825561DAD008D367E /* SceneDelegate.swift in Sources */ = {isa = PBXBuildFile; fileRef = 52E12EC725561DAD008D367E /* SceneDelegate.swift */; };
		52E12ECA25561DAD008D367E /* ViewController.swift in Sources */ = {isa = PBXBuildFile; fileRef = 52E12EC925561DAD008D367E /* ViewController.swift */; };
		52E12ECD25561DAD008D367E /* Main.storyboard in Resources */ = {isa = PBXBuildFile; fileRef = 52E12ECB25561DAD008D367E /* Main.storyboard */; };
		52E12ECF25561DAD008D367E /* Assets.xcassets in Resources */ = {isa = PBXBuildFile; fileRef = 52E12ECE25561DAD008D367E /* Assets.xcassets */; };
		52E12ED225561DAD008D367E /* LaunchScreen.storyboard in Resources */ = {isa = PBXBuildFile; fileRef = 52E12ED025561DAD008D367E /* LaunchScreen.storyboard */; };
/* End PBXBuildFile section */

/* Begin PBXFileReference section */
		523EE07D255B3DE700CA3721 /* J.wav */ = {isa = PBXFileReference; lastKnownFileType = audio.wav; path = J.wav; sourceTree = "<group>"; };
		523EE07E255B3DE700CA3721 /* L.wav */ = {isa = PBXFileReference; lastKnownFileType = audio.wav; path = L.wav; sourceTree = "<group>"; };
		523EE07F255B3DE700CA3721 /* A.wav */ = {isa = PBXFileReference; lastKnownFileType = audio.wav; path = A.wav; sourceTree = "<group>"; };
		523EE080255B3DE700CA3721 /* D.wav */ = {isa = PBXFileReference; lastKnownFileType = audio.wav; path = D.wav; sourceTree = "<group>"; };
		523EE081255B3DE700CA3721 /* F.wav */ = {isa = PBXFileReference; lastKnownFileType = audio.wav; path = F.wav; sourceTree = "<group>"; };
		523EE082255B3DE700CA3721 /* G.wav */ = {isa = PBXFileReference; lastKnownFileType = audio.wav; path = G.wav; sourceTree = "<group>"; };
		523EE083255B3DE700CA3721 /* H.wav */ = {isa = PBXFileReference; lastKnownFileType = audio.wav; path = H.wav; sourceTree = "<group>"; };
		523EE084255B3DE700CA3721 /* C.wav */ = {isa = PBXFileReference; lastKnownFileType = audio.wav; path = C.wav; sourceTree = "<group>"; };
		523EE085255B3DE700CA3721 /* I.wav */ = {isa = PBXFileReference; lastKnownFileType = audio.wav; path = I.wav; sourceTree = "<group>"; };
		523EE086255B3DE700CA3721 /* E.wav */ = {isa = PBXFileReference; lastKnownFileType = audio.wav; path = E.wav; sourceTree = "<group>"; };
		523EE087255B3DE700CA3721 /* K.wav */ = {isa = PBXFileReference; lastKnownFileType = audio.wav; path = K.wav; sourceTree = "<group>"; };
		523EE088255B3DE700CA3721 /* B.wav */ = {isa = PBXFileReference; lastKnownFileType = audio.wav; path = B.wav; sourceTree = "<group>"; };
		52E12EC225561DAD008D367E /* Beat Pad.app */ = {isa = PBXFileReference; explicitFileType = wrapper.application; includeInIndex = 0; path = "Beat Pad.app"; sourceTree = BUILT_PRODUCTS_DIR; };
		52E12EC525561DAD008D367E /* AppDelegate.swift */ = {isa = PBXFileReference; lastKnownFileType = sourcecode.swift; path = AppDelegate.swift; sourceTree = "<group>"; };
		52E12EC725561DAD008D367E /* SceneDelegate.swift */ = {isa = PBXFileReference; lastKnownFileType = sourcecode.swift; path = SceneDelegate.swift; sourceTree = "<group>"; };
		52E12EC925561DAD008D367E /* ViewController.swift */ = {isa = PBXFileReference; lastKnownFileType = sourcecode.swift; path = ViewController.swift; sourceTree = "<group>"; };
		52E12ECC25561DAD008D367E /* Base */ = {isa = PBXFileReference; lastKnownFileType = file.storyboard; name = Base; path = Base.lproj/Main.storyboard; sourceTree = "<group>"; };
		52E12ECE25561DAD008D367E /* Assets.xcassets */ = {isa = PBXFileReference; lastKnownFileType = folder.assetcatalog; path = Assets.xcassets; sourceTree = "<group>"; };
		52E12ED125561DAD008D367E /* Base */ = {isa = PBXFileReference; lastKnownFileType = file.storyboard; name = Base; path = Base.lproj/LaunchScreen.storyboard; sourceTree = "<group>"; };
		52E12ED325561DAD008D367E /* Info.plist */ = {isa = PBXFileReference; lastKnownFileType = text.plist.xml; path = Info.plist; sourceTree = "<group>"; };
/* End PBXFileReference section */

/* Begin PBXFrameworksBuildPhase section */
		52E12EBF25561DAD008D367E /* Frameworks */ = {
			isa = PBXFrameworksBuildPhase;
			buildActionMask = 2147483647;
			files = (
			);
			runOnlyForDeploymentPostprocessing = 0;
		};
/* End PBXFrameworksBuildPhase section */

/* Begin PBXGroup section */
		52E12EB925561DAD008D367E = {
			isa = PBXGroup;
			children = (
				52E12EC425561DAD008D367E /* Beat Pad */,
				52E12EC325561DAD008D367E /* Products */,
			);
			sourceTree = "<group>";
		};
		52E12EC325561DAD008D367E /* Products */ = {
			isa = PBXGroup;
			children = (
				52E12EC225561DAD008D367E /* Beat Pad.app */,
			);
			name = Products;
			sourceTree = "<group>";
		};
		52E12EC425561DAD008D367E /* Beat Pad */ = {
			isa = PBXGroup;
			children = (
				52E12EC525561DAD008D367E /* AppDelegate.swift */,
				52E12EC725561DAD008D367E /* SceneDelegate.swift */,
				52E12EC925561DAD008D367E /* ViewController.swift */,
				52E12ECB25561DAD008D367E /* Main.storyboard */,
				52E12ECE25561DAD008D367E /* Assets.xcassets */,
				52E12ED025561DAD008D367E /* LaunchScreen.storyboard */,
				52E12ED325561DAD008D367E /* Info.plist */,
				52E12EF825562AD7008D367E /* Sounds */,
			);
			path = "Beat Pad";
			sourceTree = "<group>";
		};
		52E12EF825562AD7008D367E /* Sounds */ = {
			isa = PBXGroup;
			children = (
				523EE07F255B3DE700CA3721 /* A.wav */,
				523EE088255B3DE700CA3721 /* B.wav */,
				523EE084255B3DE700CA3721 /* C.wav */,
				523EE080255B3DE700CA3721 /* D.wav */,
				523EE086255B3DE700CA3721 /* E.wav */,
				523EE081255B3DE700CA3721 /* F.wav */,
				523EE082255B3DE700CA3721 /* G.wav */,
				523EE083255B3DE700CA3721 /* H.wav */,
				523EE085255B3DE700CA3721 /* I.wav */,
				523EE07D255B3DE700CA3721 /* J.wav */,
				523EE087255B3DE700CA3721 /* K.wav */,
				523EE07E255B3DE700CA3721 /* L.wav */,
			);
			path = Sounds;
			sourceTree = "<group>";
		};
/* End PBXGroup section */

/* Begin PBXNativeTarget section */
		52E12EC125561DAD008D367E /* Beat Pad */ = {
			isa = PBXNativeTarget;
			buildConfigurationList = 52E12EEC25561DAE008D367E /* Build configuration list for PBXNativeTarget "Beat Pad" */;
			buildPhases = (
				52E12EBE25561DAD008D367E /* Sources */,
				52E12EBF25561DAD008D367E /* Frameworks */,
				52E12EC025561DAD008D367E /* Resources */,
			);
			buildRules = (
			);
			dependencies = (
			);
			name = "Beat Pad";
			productName = "Beat Pad";
			productReference = 52E12EC225561DAD008D367E /* Beat Pad.app */;
			productType = "com.apple.product-type.application";
		};
/* End PBXNativeTarget section */

/* Begin PBXProject section */
		52E12EBA25561DAD008D367E /* Project object */ = {
			isa = PBXProject;
			attributes = {
				LastSwiftUpdateCheck = 1210;
				LastUpgradeCheck = 1210;
				TargetAttributes = {
					52E12EC125561DAD008D367E = {
						CreatedOnToolsVersion = 12.1;
					};
				};
			};
			buildConfigurationList = 52E12EBD25561DAD008D367E /* Build configuration list for PBXProject "Beat Pad" */;
			compatibilityVersion = "Xcode 9.3";
			developmentRegion = en;
			hasScannedForEncodings = 0;
			knownRegions = (
				en,
				Base,
			);
			mainGroup = 52E12EB925561DAD008D367E;
			productRefGroup = 52E12EC325561DAD008D367E /* Products */;
			projectDirPath = "";
			projectRoot = "";
			targets = (
				52E12EC125561DAD008D367E /* Beat Pad */,
			);
		};
/* End PBXProject section */

/* Begin PBXResourcesBuildPhase section */
		52E12EC025561DAD008D367E /* Resources */ = {
			isa = PBXResourcesBuildPhase;
			buildActionMask = 2147483647;
			files = (
				523EE090255B3DE700CA3721 /* C.wav in Resources */,
				523EE08E255B3DE700CA3721 /* G.wav in Resources */,
				523EE093255B3DE700CA3721 /* K.wav in Resources */,
				523EE08B255B3DE700CA3721 /* A.wav in Resources */,
				52E12ED225561DAD008D367E /* LaunchScreen.storyboard in Resources */,
				523EE08C255B3DE700CA3721 /* D.wav in Resources */,
				523EE094255B3DE700CA3721 /* B.wav in Resources */,
				523EE08A255B3DE700CA3721 /* L.wav in Resources */,
				523EE091255B3DE700CA3721 /* I.wav in Resources */,
				52E12ECF25561DAD008D367E /* Assets.xcassets in Resources */,
				52E12ECD25561DAD008D367E /* Main.storyboard in Resources */,
				523EE092255B3DE700CA3721 /* E.wav in Resources */,
				523EE089255B3DE700CA3721 /* J.wav in Resources */,
				523EE08D255B3DE700CA3721 /* F.wav in Resources */,
				523EE08F255B3DE700CA3721 /* H.wav in Resources */,
			);
			runOnlyForDeploymentPostprocessing = 0;
		};
/* End PBXResourcesBuildPhase section */

/* Begin PBXSourcesBuildPhase section */
		52E12EBE25561DAD008D367E /* Sources */ = {
			isa = PBXSourcesBuildPhase;
			buildActionMask = 2147483647;
			files = (
				52E12ECA25561DAD008D367E /* ViewController.swift in Sources */,
				52E12EC625561DAD008D367E /* AppDelegate.swift in Sources */,
				52E12EC825561DAD008D367E /* SceneDelegate.swift in Sources */,
			);
			runOnlyForDeploymentPostprocessing = 0;
		};
/* End PBXSourcesBuildPhase section */

/* Begin PBXVariantGroup section */
		52E12ECB25561DAD008D367E /* Main.storyboard */ = {
			isa = PBXVariantGroup;
			children = (
				52E12ECC25561DAD008D367E /* Base */,
			);
			name = Main.storyboard;
			sourceTree = "<group>";
		};
		52E12ED025561DAD008D367E /* LaunchScreen.storyboard */ = {
			isa = PBXVariantGroup;
			children = (
				52E12ED125561DAD008D367E /* Base */,
			);
			name = LaunchScreen.storyboard;
			sourceTree = "<group>";
		};
/* End PBXVariantGroup section */

/* Begin XCBuildConfiguration section */
		52E12EEA25561DAE008D367E /* Debug */ = {
			isa = XCBuildConfiguration;
			buildSettings = {
				ALWAYS_SEARCH_USER_PATHS = NO;
				CLANG_ANALYZER_NONNULL = YES;
				CLANG_ANALYZER_NUMBER_OBJECT_CONVERSION = YES_AGGRESSIVE;
				CLANG_CXX_LANGUAGE_STANDARD = "gnu++14";
				CLANG_CXX_LIBRARY = "libc++";
				CLANG_ENABLE_MODULES = YES;
				CLANG_ENABLE_OBJC_ARC = YES;
				CLANG_ENABLE_OBJC_WEAK = YES;
				CLANG_WARN_BLOCK_CAPTURE_AUTORELEASING = YES;
				CLANG_WARN_BOOL_CONVERSION = YES;
				CLANG_WARN_COMMA = YES;
				CLANG_WARN_CONSTANT_CONVERSION = YES;
				CLANG_WARN_DEPRECATED_OBJC_IMPLEMENTATIONS = YES;
				CLANG_WARN_DIRECT_OBJC_ISA_USAGE = YES_ERROR;
				CLANG_WARN_DOCUMENTATION_COMMENTS = YES;
				CLANG_WARN_EMPTY_BODY = YES;
				CLANG_WARN_ENUM_CONVERSION = YES;
				CLANG_WARN_INFINITE_RECURSION = YES;
				CLANG_WARN_INT_CONVERSION = YES;
				CLANG_WARN_NON_LITERAL_NULL_CONVERSION = YES;
				CLANG_WARN_OBJC_IMPLICIT_RETAIN_SELF = YES;
				CLANG_WARN_OBJC_LITERAL_CONVERSION = YES;
				CLANG_WARN_OBJC_ROOT_CLASS = YES_ERROR;
				CLANG_WARN_QUOTED_INCLUDE_IN_FRAMEWORK_HEADER = YES;
				CLANG_WARN_RANGE_LOOP_ANALYSIS = YES;
				CLANG_WARN_STRICT_PROTOTYPES = YES;
				CLANG_WARN_SUSPICIOUS_MOVE = YES;
				CLANG_WARN_UNGUARDED_AVAILABILITY = YES_AGGRESSIVE;
				CLANG_WARN_UNREACHABLE_CODE = YES;
				CLANG_WARN__DUPLICATE_METHOD_MATCH = YES;
				COPY_PHASE_STRIP = NO;
				DEBUG_INFORMATION_FORMAT = dwarf;
				ENABLE_STRICT_OBJC_MSGSEND = YES;
				ENABLE_TESTABILITY = YES;
				GCC_C_LANGUAGE_STANDARD = gnu11;
				GCC_DYNAMIC_NO_PIC = NO;
				GCC_NO_COMMON_BLOCKS = YES;
				GCC_OPTIMIZATION_LEVEL = 0;
				GCC_PREPROCESSOR_DEFINITIONS = (
					"DEBUG=1",
					"$(inherited)",
				);
				GCC_WARN_64_TO_32_BIT_CONVERSION = YES;
				GCC_WARN_ABOUT_RETURN_TYPE = YES_ERROR;
				GCC_WARN_UNDECLARED_SELECTOR = YES;
				GCC_WARN_UNINITIALIZED_AUTOS = YES_AGGRESSIVE;
				GCC_WARN_UNUSED_FUNCTION = YES;
				GCC_WARN_UNUSED_VARIABLE = YES;
				IPHONEOS_DEPLOYMENT_TARGET = 14.1;
				MTL_ENABLE_DEBUG_INFO = INCLUDE_SOURCE;
				MTL_FAST_MATH = YES;
				ONLY_ACTIVE_ARCH = YES;
				SDKROOT = iphoneos;
				SWIFT_ACTIVE_COMPILATION_CONDITIONS = DEBUG;
				SWIFT_OPTIMIZATION_LEVEL = "-Onone";
			};
			name = Debug;
		};
		52E12EEB25561DAE008D367E /* Release */ = {
			isa = XCBuildConfiguration;
			buildSettings = {
				ALWAYS_SEARCH_USER_PATHS = NO;
				CLANG_ANALYZER_NONNULL = YES;
				CLANG_ANALYZER_NUMBER_OBJECT_CONVERSION = YES_AGGRESSIVE;
				CLANG_CXX_LANGUAGE_STANDARD = "gnu++14";
				CLANG_CXX_LIBRARY = "libc++";
				CLANG_ENABLE_MODULES = YES;
				CLANG_ENABLE_OBJC_ARC = YES;
				CLANG_ENABLE_OBJC_WEAK = YES;
				CLANG_WARN_BLOCK_CAPTURE_AUTORELEASING = YES;
				CLANG_WARN_BOOL_CONVERSION = YES;
				CLANG_WARN_COMMA = YES;
				CLANG_WARN_CONSTANT_CONVERSION = YES;
				CLANG_WARN_DEPRECATED_OBJC_IMPLEMENTATIONS = YES;
				CLANG_WARN_DIRECT_OBJC_ISA_USAGE = YES_ERROR;
				CLANG_WARN_DOCUMENTATION_COMMENTS = YES;
				CLANG_WARN_EMPTY_BODY = YES;
				CLANG_WARN_ENUM_CONVERSION = YES;
				CLANG_WARN_INFINITE_RECURSION = YES;
				CLANG_WARN_INT_CONVERSION = YES;
				CLANG_WARN_NON_LITERAL_NULL_CONVERSION = YES;
				CLANG_WARN_OBJC_IMPLICIT_RETAIN_SELF = YES;
				CLANG_WARN_OBJC_LITERAL_CONVERSION = YES;
				CLANG_WARN_OBJC_ROOT_CLASS = YES_ERROR;
				CLANG_WARN_QUOTED_INCLUDE_IN_FRAMEWORK_HEADER = YES;
				CLANG_WARN_RANGE_LOOP_ANALYSIS = YES;
				CLANG_WARN_STRICT_PROTOTYPES = YES;
				CLANG_WARN_SUSPICIOUS_MOVE = YES;
				CLANG_WARN_UNGUARDED_AVAILABILITY = YES_AGGRESSIVE;
				CLANG_WARN_UNREACHABLE_CODE = YES;
				CLANG_WARN__DUPLICATE_METHOD_MATCH = YES;
				COPY_PHASE_STRIP = NO;
				DEBUG_INFORMATION_FORMAT = "dwarf-with-dsym";
				ENABLE_NS_ASSERTIONS = NO;
				ENABLE_STRICT_OBJC_MSGSEND = YES;
				GCC_C_LANGUAGE_STANDARD = gnu11;
				GCC_NO_COMMON_BLOCKS = YES;
				GCC_WARN_64_TO_32_BIT_CONVERSION = YES;
				GCC_WARN_ABOUT_RETURN_TYPE = YES_ERROR;
				GCC_WARN_UNDECLARED_SELECTOR = YES;
				GCC_WARN_UNINITIALIZED_AUTOS = YES_AGGRESSIVE;
				GCC_WARN_UNUSED_FUNCTION = YES;
				GCC_WARN_UNUSED_VARIABLE = YES;
				IPHONEOS_DEPLOYMENT_TARGET = 14.1;
				MTL_ENABLE_DEBUG_INFO = NO;
				MTL_FAST_MATH = YES;
				SDKROOT = iphoneos;
				SWIFT_COMPILATION_MODE = wholemodule;
				SWIFT_OPTIMIZATION_LEVEL = "-O";
				VALIDATE_PRODUCT = YES;
			};
			name = Release;
		};
		52E12EED25561DAE008D367E /* Debug */ = {
			isa = XCBuildConfiguration;
			buildSettings = {
				ASSETCATALOG_COMPILER_APPICON_NAME = AppIcon;
				ASSETCATALOG_COMPILER_GLOBAL_ACCENT_COLOR_NAME = AccentColor;
				CODE_SIGN_STYLE = Automatic;
				DEVELOPMENT_TEAM = 47P36FRVFR;
				INFOPLIST_FILE = "Beat Pad/Info.plist";
				IPHONEOS_DEPLOYMENT_TARGET = 13.6;
				LD_RUNPATH_SEARCH_PATHS = (
					"$(inherited)",
					"@executable_path/Frameworks",
				);
				PRODUCT_BUNDLE_IDENTIFIER = "com.johnsungunkim.Beat-Pad";
				PRODUCT_NAME = "$(TARGET_NAME)";
				SWIFT_VERSION = 5.0;
				TARGETED_DEVICE_FAMILY = "1,2";
			};
			name = Debug;
		};
		52E12EEE25561DAE008D367E /* Release */ = {
			isa = XCBuildConfiguration;
			buildSettings = {
				ASSETCATALOG_COMPILER_APPICON_NAME = AppIcon;
				ASSETCATALOG_COMPILER_GLOBAL_ACCENT_COLOR_NAME = AccentColor;
				CODE_SIGN_STYLE = Automatic;
				DEVELOPMENT_TEAM = 47P36FRVFR;
				INFOPLIST_FILE = "Beat Pad/Info.plist";
				IPHONEOS_DEPLOYMENT_TARGET = 13.6;
				LD_RUNPATH_SEARCH_PATHS = (
					"$(inherited)",
					"@executable_path/Frameworks",
				);
				PRODUCT_BUNDLE_IDENTIFIER = "com.johnsungunkim.Beat-Pad";
				PRODUCT_NAME = "$(TARGET_NAME)";
				SWIFT_VERSION = 5.0;
				TARGETED_DEVICE_FAMILY = "1,2";
			};
			name = Release;
		};
/* End XCBuildConfiguration section */

/* Begin XCConfigurationList section */
		52E12EBD25561DAD008D367E /* Build configuration list for PBXProject "Beat Pad" */ = {
			isa = XCConfigurationList;
			buildConfigurations = (
				52E12EEA25561DAE008D367E /* Debug */,
				52E12EEB25561DAE008D367E /* Release */,
			);
			defaultConfigurationIsVisible = 0;
			defaultConfigurationName = Release;
		};
		52E12EEC25561DAE008D367E /* Build configuration list for PBXNativeTarget "Beat Pad" */ = {
			isa = XCConfigurationList;
			buildConfigurations = (
				52E12EED25561DAE008D367E /* Debug */,
				52E12EEE25561DAE008D367E /* Release */,
			);
			defaultConfigurationIsVisible = 0;
			defaultConfigurationName = Release;
		};
/* End XCConfigurationList section */
	};
	rootObject = 52E12EBA25561DAD008D367E /* Project object */;
}
